
Microsoft Visual Studio Solution File, Format Version 12.00
# Visual Studio 15
VisualStudioVersion = 15.0.28010.2048
MinimumVisualStudioVersion = 10.0.40219.1
Project("{8BC9CEB8-8B4A-11D0-8D11-00A0C91BC942}") = "CLCuda", "CLCuda.vcxproj", "{2D07A647-2EFF-4064-A931-271AA8E70CB2}"
EndProject
Global
	GlobalSection(SolutionConfigurationPlatforms) = preSolution
		Debug|x64 = Debug|x64
		Release|x64 = Release|x64
	EndGlobalSection
	GlobalSection(ProjectConfigurationPlatforms) = postSolution
		{2D07A647-2EFF-4064-A931-271AA8E70CB2}.Debug|x64.ActiveCfg = Debug|x64
		{2D07A647-2EFF-4064-A931-271AA8E70CB2}.Debug|x64.Build.0 = Debug|x64
		{2D07A647-2EFF-4064-A931-271AA8E70CB2}.Release|x64.ActiveCfg = Release|x64
		{2D07A647-2EFF-4064-A931-271AA8E70CB2}.Release|x64.Build.0 = Release|x64
	EndGlobalSection
	GlobalSection(SolutionProperties) = preSolution
		HideSolutionNode = FALSE
	EndGlobalSection
	GlobalSection(ExtensibilityGlobals) = postSolution
		SolutionGuid = {A9BDFD1E-3AEF-4AB0-B87B-980EB1CF4B83}
	EndGlobalSection
EndGlobal
